
Microsoft Visual Studio Solution File, Format Version 12.00
# Visual Studio Version 17
VisualStudioVersion = 17.7.34221.43
MinimumVisualStudioVersion = 10.0.40219.1
Project("{FAE04EC0-301F-11D3-BF4B-00C04F79EFBC}") = "nzro_Web_App_MVC", "nzro_Web_App_MVC\nzro_Web_App_MVC.csproj", "{8A855CB0-7C0F-4A88-8F53-A0405D39D995}"
EndProject
Global
	GlobalSection(SolutionConfigurationPlatforms) = preSolution
		Debug|Any CPU = Debug|Any CPU
		Release|Any CPU = Release|Any CPU
	EndGlobalSection
	GlobalSection(ProjectConfigurationPlatforms) = postSolution
		{8A855CB0-7C0F-4A88-8F53-A0405D39D995}.Debug|Any CPU.ActiveCfg = Debug|Any CPU
		{8A855CB0-7C0F-4A88-8F53-A0405D39D995}.Debug|Any CPU.Build.0 = Debug|Any CPU
		{8A855CB0-7C0F-4A88-8F53-A0405D39D995}.Release|Any CPU.ActiveCfg = Release|Any CPU
		{8A855CB0-7C0F-4A88-8F53-A0405D39D995}.Release|Any CPU.Build.0 = Release|Any CPU
	EndGlobalSection
	GlobalSection(SolutionProperties) = preSolution
		HideSolutionNode = FALSE
	EndGlobalSection
	GlobalSection(ExtensibilityGlobals) = postSolution
		SolutionGuid = {7161FD4B-7EE5-46BB-A303-EDA817179A8E}
	EndGlobalSection
EndGlobal
